
Microsoft Visual Studio Solution File, Format Version 12.00
# Visual Studio 2013
VisualStudioVersion = 12.0.40629.0
MinimumVisualStudioVersion = 10.0.40219.1
Project("{FAE04EC0-301F-11D3-BF4B-00C04F79EFBC}") = "Assignment8", "Assignment8\Assignment8.csproj", "{0A2F7189-64E0-4092-88F1-B9B1B7D0EC1C}"
EndProject
Project("{FAE04EC0-301F-11D3-BF4B-00C04F79EFBC}") = "Entities", "Entities\Entities.csproj", "{0D4564A0-DDE7-4C32-90E7-4ADAF078253E}"
EndProject
Project("{FAE04EC0-301F-11D3-BF4B-00C04F79EFBC}") = "Drive.DAL", "Drive.DAO\Drive.DAL.csproj", "{0F9706C5-10F9-4706-91F2-9E2565EA9961}"
EndProject
Global
	GlobalSection(SolutionConfigurationPlatforms) = preSolution
		Debug|Any CPU = Debug|Any CPU
		Release|Any CPU = Release|Any CPU
	EndGlobalSection
	GlobalSection(ProjectConfigurationPlatforms) = postSolution
		{0A2F7189-64E0-4092-88F1-B9B1B7D0EC1C}.Debug|Any CPU.ActiveCfg = Debug|Any CPU
		{0A2F7189-64E0-4092-88F1-B9B1B7D0EC1C}.Debug|Any CPU.Build.0 = Debug|Any CPU
		{0A2F7189-64E0-4092-88F1-B9B1B7D0EC1C}.Release|Any CPU.ActiveCfg = Release|Any CPU
		{0A2F7189-64E0-4092-88F1-B9B1B7D0EC1C}.Release|Any CPU.Build.0 = Release|Any CPU
		{0D4564A0-DDE7-4C32-90E7-4ADAF078253E}.Debug|Any CPU.ActiveCfg = Debug|Any CPU
		{0D4564A0-DDE7-4C32-90E7-4ADAF078253E}.Debug|Any CPU.Build.0 = Debug|Any CPU
		{0D4564A0-DDE7-4C32-90E7-4ADAF078253E}.Release|Any CPU.ActiveCfg = Release|Any CPU
		{0D4564A0-DDE7-4C32-90E7-4ADAF078253E}.Release|Any CPU.Build.0 = Release|Any CPU
		{0F9706C5-10F9-4706-91F2-9E2565EA9961}.Debug|Any CPU.ActiveCfg = Debug|Any CPU
		{0F9706C5-10F9-4706-91F2-9E2565EA9961}.Debug|Any CPU.Build.0 = Debug|Any CPU
		{0F9706C5-10F9-4706-91F2-9E2565EA9961}.Release|Any CPU.ActiveCfg = Release|Any CPU
		{0F9706C5-10F9-4706-91F2-9E2565EA9961}.Release|Any CPU.Build.0 = Release|Any CPU
	EndGlobalSection
	GlobalSection(SolutionProperties) = preSolution
		HideSolutionNode = FALSE
	EndGlobalSection
EndGlobal
